
Microsoft Visual Studio Solution File, Format Version 12.00
# Visual Studio Version 17
VisualStudioVersion = 17.6.33815.320
MinimumVisualStudioVersion = 10.0.40219.1
Project("{FAE04EC0-301F-11D3-BF4B-00C04F79EFBC}") = "Abaci.SubtitlesEditor", "Abaci.SubtitlesEditor\Abaci.SubtitlesEditor.csproj", "{29A8FABE-5B4C-4922-B797-868B49154943}"
EndProject
Project("{FAE04EC0-301F-11D3-BF4B-00C04F79EFBC}") = "Abaci.Subtitles.Tests", "Abaci.Subtitles.Tests\Abaci.Subtitles.Tests.csproj", "{28B8773B-E9E7-496F-8862-A55573A42C81}"
EndProject
Project("{FAE04EC0-301F-11D3-BF4B-00C04F79EFBC}") = "Abaci.WPFApp", "Abaci.WPFApp\Abaci.WPFApp.csproj", "{EDEC7FB9-A862-47D3-8D25-670DA7F3D02F}"
EndProject
Global
	GlobalSection(SolutionConfigurationPlatforms) = preSolution
		Debug|Any CPU = Debug|Any CPU
		Release|Any CPU = Release|Any CPU
	EndGlobalSection
	GlobalSection(ProjectConfigurationPlatforms) = postSolution
		{29A8FABE-5B4C-4922-B797-868B49154943}.Debug|Any CPU.ActiveCfg = Debug|Any CPU
		{29A8FABE-5B4C-4922-B797-868B49154943}.Debug|Any CPU.Build.0 = Debug|Any CPU
		{29A8FABE-5B4C-4922-B797-868B49154943}.Release|Any CPU.ActiveCfg = Release|Any CPU
		{29A8FABE-5B4C-4922-B797-868B49154943}.Release|Any CPU.Build.0 = Release|Any CPU
		{28B8773B-E9E7-496F-8862-A55573A42C81}.Debug|Any CPU.ActiveCfg = Debug|Any CPU
		{28B8773B-E9E7-496F-8862-A55573A42C81}.Debug|Any CPU.Build.0 = Debug|Any CPU
		{28B8773B-E9E7-496F-8862-A55573A42C81}.Release|Any CPU.ActiveCfg = Release|Any CPU
		{28B8773B-E9E7-496F-8862-A55573A42C81}.Release|Any CPU.Build.0 = Release|Any CPU
		{EDEC7FB9-A862-47D3-8D25-670DA7F3D02F}.Debug|Any CPU.ActiveCfg = Debug|Any CPU
		{EDEC7FB9-A862-47D3-8D25-670DA7F3D02F}.Debug|Any CPU.Build.0 = Debug|Any CPU
		{EDEC7FB9-A862-47D3-8D25-670DA7F3D02F}.Release|Any CPU.ActiveCfg = Release|Any CPU
		{EDEC7FB9-A862-47D3-8D25-670DA7F3D02F}.Release|Any CPU.Build.0 = Release|Any CPU
	EndGlobalSection
	GlobalSection(SolutionProperties) = preSolution
		HideSolutionNode = FALSE
	EndGlobalSection
	GlobalSection(ExtensibilityGlobals) = postSolution
		SolutionGuid = {72ADDAD9-9631-4082-AD47-86403DE049FE}
	EndGlobalSection
EndGlobal
